
Microsoft Visual Studio Solution File, Format Version 12.00
# Visual Studio 15
VisualStudioVersion = 15.0.28307.329
MinimumVisualStudioVersion = 10.0.40219.1
Project("{FAE04EC0-301F-11D3-BF4B-00C04F79EFBC}") = "OtobüsOtomasyonProjesi", "OtobüsOtomasyonProjesi\OtobüsOtomasyonProjesi.csproj", "{F11B4A50-0BD7-42D7-8ECF-22BE4AF6D5DA}"
EndProject
Global
	GlobalSection(SolutionConfigurationPlatforms) = preSolution
		Debug|Any CPU = Debug|Any CPU
		Release|Any CPU = Release|Any CPU
	EndGlobalSection
	GlobalSection(ProjectConfigurationPlatforms) = postSolution
		{F11B4A50-0BD7-42D7-8ECF-22BE4AF6D5DA}.Debug|Any CPU.ActiveCfg = Debug|Any CPU
		{F11B4A50-0BD7-42D7-8ECF-22BE4AF6D5DA}.Debug|Any CPU.Build.0 = Debug|Any CPU
		{F11B4A50-0BD7-42D7-8ECF-22BE4AF6D5DA}.Release|Any CPU.ActiveCfg = Release|Any CPU
		{F11B4A50-0BD7-42D7-8ECF-22BE4AF6D5DA}.Release|Any CPU.Build.0 = Release|Any CPU
	EndGlobalSection
	GlobalSection(SolutionProperties) = preSolution
		HideSolutionNode = FALSE
	EndGlobalSection
	GlobalSection(ExtensibilityGlobals) = postSolution
		SolutionGuid = {7FACA3FD-78F3-465B-A71B-92D10007CA57}
	EndGlobalSection
EndGlobal
